
Microsoft Visual Studio Solution File, Format Version 12.00
# Visual Studio Version 17
VisualStudioVersion = 17.13.35931.197 d17.13
MinimumVisualStudioVersion = 10.0.40219.1
Project("{FAE04EC0-301F-11D3-BF4B-00C04F79EFBC}") = "Hangman", "Hangman\Hangman.csproj", "{3471D294-9577-46AD-914A-345CF2FD52B5}"
EndProject
Global
	GlobalSection(SolutionConfigurationPlatforms) = preSolution
		Debug|Any CPU = Debug|Any CPU
		Release|Any CPU = Release|Any CPU
	EndGlobalSection
	GlobalSection(ProjectConfigurationPlatforms) = postSolution
		{3471D294-9577-46AD-914A-345CF2FD52B5}.Debug|Any CPU.ActiveCfg = Debug|Any CPU
		{3471D294-9577-46AD-914A-345CF2FD52B5}.Debug|Any CPU.Build.0 = Debug|Any CPU
		{3471D294-9577-46AD-914A-345CF2FD52B5}.Release|Any CPU.ActiveCfg = Release|Any CPU
		{3471D294-9577-46AD-914A-345CF2FD52B5}.Release|Any CPU.Build.0 = Release|Any CPU
	EndGlobalSection
	GlobalSection(SolutionProperties) = preSolution
		HideSolutionNode = FALSE
	EndGlobalSection
	GlobalSection(ExtensibilityGlobals) = postSolution
		SolutionGuid = {908A6671-E975-4548-8CCD-C4548E04E2CA}
	EndGlobalSection
EndGlobal
